
Microsoft Visual Studio Solution File, Format Version 12.00
# Visual Studio 15
VisualStudioVersion = 15.0.27703.2035
MinimumVisualStudioVersion = 10.0.40219.1
Project("{FAE04EC0-301F-11D3-BF4B-00C04F79EFBC}") = "MycollectionTest", "MycollectionTest\MycollectionTest.csproj", "{78D4D74B-EBE7-490B-8A18-7A7A25C6A26B}"
EndProject
Project("{FAE04EC0-301F-11D3-BF4B-00C04F79EFBC}") = "Array_Test_Cases", "Array_Test_Cases\Array_Test_Cases.csproj", "{C9A011EA-D5F4-48CF-9161-AA3978FD485C}"
EndProject
Global
	GlobalSection(SolutionConfigurationPlatforms) = preSolution
		Debug|Any CPU = Debug|Any CPU
		Release|Any CPU = Release|Any CPU
	EndGlobalSection
	GlobalSection(ProjectConfigurationPlatforms) = postSolution
		{78D4D74B-EBE7-490B-8A18-7A7A25C6A26B}.Debug|Any CPU.ActiveCfg = Debug|Any CPU
		{78D4D74B-EBE7-490B-8A18-7A7A25C6A26B}.Debug|Any CPU.Build.0 = Debug|Any CPU
		{78D4D74B-EBE7-490B-8A18-7A7A25C6A26B}.Release|Any CPU.ActiveCfg = Release|Any CPU
		{78D4D74B-EBE7-490B-8A18-7A7A25C6A26B}.Release|Any CPU.Build.0 = Release|Any CPU
		{C9A011EA-D5F4-48CF-9161-AA3978FD485C}.Debug|Any CPU.ActiveCfg = Debug|Any CPU
		{C9A011EA-D5F4-48CF-9161-AA3978FD485C}.Debug|Any CPU.Build.0 = Debug|Any CPU
		{C9A011EA-D5F4-48CF-9161-AA3978FD485C}.Release|Any CPU.ActiveCfg = Release|Any CPU
		{C9A011EA-D5F4-48CF-9161-AA3978FD485C}.Release|Any CPU.Build.0 = Release|Any CPU
	EndGlobalSection
	GlobalSection(SolutionProperties) = preSolution
		HideSolutionNode = FALSE
	EndGlobalSection
	GlobalSection(ExtensibilityGlobals) = postSolution
		SolutionGuid = {F0053633-CB46-4396-8025-14137C6B9B53}
	EndGlobalSection
EndGlobal
